
Microsoft Visual Studio Solution File, Format Version 12.00
# Visual Studio Version 17
VisualStudioVersion = 17.4.33213.308
MinimumVisualStudioVersion = 10.0.40219.1
Project("{FAE04EC0-301F-11D3-BF4B-00C04F79EFBC}") = "SampleApplication", "SampleApplication.csproj", "{99E0E012-5AC9-42B6-AB82-9D93FE1329CE}"
EndProject
Global
	GlobalSection(SolutionConfigurationPlatforms) = preSolution
		Debug|Any CPU = Debug|Any CPU
		Release|Any CPU = Release|Any CPU
	EndGlobalSection
	GlobalSection(ProjectConfigurationPlatforms) = postSolution
		{99E0E012-5AC9-42B6-AB82-9D93FE1329CE}.Debug|Any CPU.ActiveCfg = Debug|Any CPU
		{99E0E012-5AC9-42B6-AB82-9D93FE1329CE}.Debug|Any CPU.Build.0 = Debug|Any CPU
		{99E0E012-5AC9-42B6-AB82-9D93FE1329CE}.Release|Any CPU.ActiveCfg = Release|Any CPU
		{99E0E012-5AC9-42B6-AB82-9D93FE1329CE}.Release|Any CPU.Build.0 = Release|Any CPU
	EndGlobalSection
	GlobalSection(SolutionProperties) = preSolution
		HideSolutionNode = FALSE
	EndGlobalSection
	GlobalSection(ExtensibilityGlobals) = postSolution
		SolutionGuid = {6E4257C6-AABC-4F04-8701-FFEAF37937ED}
	EndGlobalSection
EndGlobal
