
Microsoft Visual Studio Solution File, Format Version 12.00
# Visual Studio Version 18
VisualStudioVersion = 18.3.11206.111
MinimumVisualStudioVersion = 10.0.40219.1
Project("{FAE04EC0-301F-11D3-BF4B-00C04F79EFBC}") = "SampleApplication", "SampleApplication\SampleApplication.csproj", "{D3846C0B-A838-1AE2-B668-9BBF11858FAE}"
EndProject
Project("{FAE04EC0-301F-11D3-BF4B-00C04F79EFBC}") = "SampleApplication.UnitTests", "SampleApplication.Tests\SampleApplication.UnitTests\SampleApplication.UnitTests.csproj", "{92D08D9D-DC89-4895-9C89-E08A95CD2384}"
EndProject
Global
	GlobalSection(SolutionConfigurationPlatforms) = preSolution
		Debug|Any CPU = Debug|Any CPU
		Debug|ARM64 = Debug|ARM64
		Release|Any CPU = Release|Any CPU
		Release|ARM64 = Release|ARM64
	EndGlobalSection
	GlobalSection(ProjectConfigurationPlatforms) = postSolution
		{D3846C0B-A838-1AE2-B668-9BBF11858FAE}.Debug|Any CPU.ActiveCfg = Debug|Any CPU
		{D3846C0B-A838-1AE2-B668-9BBF11858FAE}.Debug|Any CPU.Build.0 = Debug|Any CPU
		{D3846C0B-A838-1AE2-B668-9BBF11858FAE}.Debug|ARM64.ActiveCfg = Debug|ARM64
		{D3846C0B-A838-1AE2-B668-9BBF11858FAE}.Debug|ARM64.Build.0 = Debug|ARM64
		{D3846C0B-A838-1AE2-B668-9BBF11858FAE}.Release|Any CPU.ActiveCfg = Release|Any CPU
		{D3846C0B-A838-1AE2-B668-9BBF11858FAE}.Release|Any CPU.Build.0 = Release|Any CPU
		{D3846C0B-A838-1AE2-B668-9BBF11858FAE}.Release|ARM64.ActiveCfg = Release|ARM64
		{D3846C0B-A838-1AE2-B668-9BBF11858FAE}.Release|ARM64.Build.0 = Release|ARM64
		{92D08D9D-DC89-4895-9C89-E08A95CD2384}.Debug|Any CPU.ActiveCfg = Debug|Any CPU
		{92D08D9D-DC89-4895-9C89-E08A95CD2384}.Debug|Any CPU.Build.0 = Debug|Any CPU
		{92D08D9D-DC89-4895-9C89-E08A95CD2384}.Debug|ARM64.ActiveCfg = Debug|ARM64
		{92D08D9D-DC89-4895-9C89-E08A95CD2384}.Debug|ARM64.Build.0 = Debug|ARM64
		{92D08D9D-DC89-4895-9C89-E08A95CD2384}.Release|Any CPU.ActiveCfg = Release|Any CPU
		{92D08D9D-DC89-4895-9C89-E08A95CD2384}.Release|Any CPU.Build.0 = Release|Any CPU
		{92D08D9D-DC89-4895-9C89-E08A95CD2384}.Release|ARM64.ActiveCfg = Release|ARM64
		{92D08D9D-DC89-4895-9C89-E08A95CD2384}.Release|ARM64.Build.0 = Release|ARM64
	EndGlobalSection
	GlobalSection(SolutionProperties) = preSolution
		HideSolutionNode = FALSE
	EndGlobalSection
	GlobalSection(ExtensibilityGlobals) = postSolution
		SolutionGuid = {B424DDC1-4027-467A-9142-D941B47E5A94}
	EndGlobalSection
EndGlobal
